dependencies:
- name: standard-defs
  repository: https://btp-charts-stable.s3.amazonaws.com/charts
  version: 0.1.3
- name: postgresql
  repository: https://charts.bitnami.com/bitnami
  version: 10.9.6
- name: postgresql
  repository: https://charts.bitnami.com/bitnami
  version: 10.9.6
digest: sha256:89d5403e3609ab7f28fa3ef74ed7dd8865662e04eb659576ca8f0a71d91d3cb9
generated: "2022-01-25T15:22:17.825757Z"
