dependencies:
- name: standard-defs
  repository: https://btp-charts-stable.s3.amazonaws.com/charts/
  version: 0.1.3
- name: fabric-ca
  repository: https://btp-charts-unstable.s3.amazonaws.com/charts/
  version: 1.0.0
digest: sha256:bb399c7c8559fc19a74647444979b6dda0f499b8b21e177e3854e02ce1085d4b
generated: "2022-09-12T00:18:57.353974924-04:00"
